// !$*UTF8*$!
{
	archiveVersion = 1;
	classes = {
	};
	objectVersion = 56;
	objects = {

/* Begin PBXBuildFile section */
		29815FAA2B04E5600009F09F /* SwiftErrorAgainApp.swift in Sources */ = {isa = PBXBuildFile; fileRef = 29815FA92B04E5600009F09F /* SwiftErrorAgainApp.swift */; };
		29815FAC2B04E5600009F09F /* ContentView.swift in Sources */ = {isa = PBXBuildFile; fileRef = 29815FAB2B04E5600009F09F /* ContentView.swift */; };
		29815FAE2B04E5610009F09F /* Assets.xcassets in Resources */ = {isa = PBXBuildFile; fileRef = 29815FAD2B04E5610009F09F /* Assets.xcassets */; };
		29815FB12B04E5610009F09F /* Preview Assets.xcassets in Resources */ = {isa = PBXBuildFile; fileRef = 29815FB02B04E5610009F09F /* Preview Assets.xcassets */; };
		29815FBB2B04E5610009F09F /* SwiftErrorAgainTests.swift in Sources */ = {isa = PBXBuildFile; fileRef = 29815FBA2B04E5610009F09F /* SwiftErrorAgainTests.swift */; };
		29815FC52B04E5610009F09F /* SwiftErrorAgainUITests.swift in Sources */ = {isa = PBXBuildFile; fileRef = 29815FC42B04E5610009F09F /* SwiftErrorAgainUITests.swift */; };
		29815FC72B04E5610009F09F /* SwiftErrorAgainUITestsLaunchTests.swift in Sources */ = {isa = PBXBuildFile; fileRef = 29815FC62B04E5610009F09F /* SwiftErrorAgainUITestsLaunchTests.swift */; };
		29815FD62B04E66E0009F09F /* file2.swift in Sources */ = {isa = PBXBuildFile; fileRef = 29815FD52B04E66E0009F09F /* file2.swift */; };
/* End PBXBuildFile section */

/* Begin PBXContainerItemProxy section */
		29815FB72B04E5610009F09F /* PBXContainerItemProxy */ = {
			isa = PBXContainerItemProxy;
			containerPortal = 29815F9E2B04E5600009F09F /* Project object */;
			proxyType = 1;
			remoteGlobalIDString = 29815FA52B04E5600009F09F;
			remoteInfo = SwiftErrorAgain;
		};
		29815FC12B04E5610009F09F /* PBXContainerItemProxy */ = {
			isa = PBXContainerItemProxy;
			containerPortal = 29815F9E2B04E5600009F09F /* Project object */;
			proxyType = 1;
			remoteGlobalIDString = 29815FA52B04E5600009F09F;
			remoteInfo = SwiftErrorAgain;
		};
/* End PBXContainerItemProxy section */

/* Begin PBXFileReference section */
		29815FA62B04E5600009F09F /* SwiftErrorAgain.app */ = {isa = PBXFileReference; explicitFileType = wrapper.application; includeInIndex = 0; path = SwiftErrorAgain.app; sourceTree = BUILT_PRODUCTS_DIR; };
		29815FA92B04E5600009F09F /* SwiftErrorAgainApp.swift */ = {isa = PBXFileReference; lastKnownFileType = sourcecode.swift; path = SwiftErrorAgainApp.swift; sourceTree = "<group>"; };
		29815FAB2B04E5600009F09F /* ContentView.swift */ = {isa = PBXFileReference; lastKnownFileType = sourcecode.swift; path = ContentView.swift; sourceTree = "<group>"; };
		29815FAD2B04E5610009F09F /* Assets.xcassets */ = {isa = PBXFileReference; lastKnownFileType = folder.assetcatalog; path = Assets.xcassets; sourceTree = "<group>"; };
		29815FB02B04E5610009F09F /* Preview Assets.xcassets */ = {isa = PBXFileReference; lastKnownFileType = folder.assetcatalog; path = "Preview Assets.xcassets"; sourceTree = "<group>"; };
		29815FB62B04E5610009F09F /* SwiftErrorAgainTests.xctest */ = {isa = PBXFileReference; explicitFileType = wrapper.cfbundle; includeInIndex = 0; path = SwiftErrorAgainTests.xctest; sourceTree = BUILT_PRODUCTS_DIR; };
		29815FBA2B04E5610009F09F /* SwiftErrorAgainTests.swift */ = {isa = PBXFileReference; lastKnownFileType = sourcecode.swift; path = SwiftErrorAgainTests.swift; sourceTree = "<group>"; };
		29815FC02B04E5610009F09F /* SwiftErrorAgainUITests.xctest */ = {isa = PBXFileReference; explicitFileType = wrapper.cfbundle; includeInIndex = 0; path = SwiftErrorAgainUITests.xctest; sourceTree = BUILT_PRODUCTS_DIR; };
		29815FC42B04E5610009F09F /* SwiftErrorAgainUITests.swift */ = {isa = PBXFileReference; lastKnownFileType = sourcecode.swift; path = SwiftErrorAgainUITests.swift; sourceTree = "<group>"; };
		29815FC62B04E5610009F09F /* SwiftErrorAgainUITestsLaunchTests.swift */ = {isa = PBXFileReference; lastKnownFileType = sourcecode.swift; path = SwiftErrorAgainUITestsLaunchTests.swift; sourceTree = "<group>"; };
		29815FD52B04E66E0009F09F /* file2.swift */ = {isa = PBXFileReference; lastKnownFileType = sourcecode.swift; path = file2.swift; sourceTree = "<group>"; };
/* End PBXFileReference section */

/* Begin PBXFrameworksBuildPhase section */
		29815FA32B04E5600009F09F /* Frameworks */ = {
			isa = PBXFrameworksBuildPhase;
			buildActionMask = 2147483647;
			files = (
			);
			runOnlyForDeploymentPostprocessing = 0;
		};
		29815FB32B04E5610009F09F /* Frameworks */ = {
			isa = PBXFrameworksBuildPhase;
			buildActionMask = 2147483647;
			files = (
			);
			runOnlyForDeploymentPostprocessing = 0;
		};
		29815FBD2B04E5610009F09F /* Frameworks */ = {
			isa = PBXFrameworksBuildPhase;
			buildActionMask = 2147483647;
			files = (
			);
			runOnlyForDeploymentPostprocessing = 0;
		};
/* End PBXFrameworksBuildPhase section */

/* Begin PBXGroup section */
		29815F9D2B04E5600009F09F = {
			isa = PBXGroup;
			children = (
				29815FA82B04E5600009F09F /* SwiftErrorAgain */,
				29815FB92B04E5610009F09F /* SwiftErrorAgainTests */,
				29815FC32B04E5610009F09F /* SwiftErrorAgainUITests */,
				29815FA72B04E5600009F09F /* Products */,
			);
			sourceTree = "<group>";
		};
		29815FA72B04E5600009F09F /* Products */ = {
			isa = PBXGroup;
			children = (
				29815FA62B04E5600009F09F /* SwiftErrorAgain.app */,
				29815FB62B04E5610009F09F /* SwiftErrorAgainTests.xctest */,
				29815FC02B04E5610009F09F /* SwiftErrorAgainUITests.xctest */,
			);
			name = Products;
			sourceTree = "<group>";
		};
		29815FA82B04E5600009F09F /* SwiftErrorAgain */ = {
			isa = PBXGroup;
			children = (
				29815FA92B04E5600009F09F /* SwiftErrorAgainApp.swift */,
				29815FAB2B04E5600009F09F /* ContentView.swift */,
				29815FAD2B04E5610009F09F /* Assets.xcassets */,
				29815FAF2B04E5610009F09F /* Preview Content */,
				29815FD52B04E66E0009F09F /* file2.swift */,
			);
			path = SwiftErrorAgain;
			sourceTree = "<group>";
		};
		29815FAF2B04E5610009F09F /* Preview Content */ = {
			isa = PBXGroup;
			children = (
				29815FB02B04E5610009F09F /* Preview Assets.xcassets */,
			);
			path = "Preview Content";
			sourceTree = "<group>";
		};
		29815FB92B04E5610009F09F /* SwiftErrorAgainTests */ = {
			isa = PBXGroup;
			children = (
				29815FBA2B04E5610009F09F /* SwiftErrorAgainTests.swift */,
			);
			path = SwiftErrorAgainTests;
			sourceTree = "<group>";
		};
		29815FC32B04E5610009F09F /* SwiftErrorAgainUITests */ = {
			isa = PBXGroup;
			children = (
				29815FC42B04E5610009F09F /* SwiftErrorAgainUITests.swift */,
				29815FC62B04E5610009F09F /* SwiftErrorAgainUITestsLaunchTests.swift */,
			);
			path = SwiftErrorAgainUITests;
			sourceTree = "<group>";
		};
/* End PBXGroup section */

/* Begin PBXNativeTarget section */
		29815FA52B04E5600009F09F /* SwiftErrorAgain */ = {
			isa = PBXNativeTarget;
			buildConfigurationList = 29815FCA2B04E5610009F09F /* Build configuration list for PBXNativeTarget "SwiftErrorAgain" */;
			buildPhases = (
				29815FA22B04E5600009F09F /* Sources */,
				29815FA32B04E5600009F09F /* Frameworks */,
				29815FA42B04E5600009F09F /* Resources */,
			);
			buildRules = (
			);
			dependencies = (
			);
			name = SwiftErrorAgain;
			productName = SwiftErrorAgain;
			productReference = 29815FA62B04E5600009F09F /* SwiftErrorAgain.app */;
			productType = "com.apple.product-type.application";
		};
		29815FB52B04E5610009F09F /* SwiftErrorAgainTests */ = {
			isa = PBXNativeTarget;
			buildConfigurationList = 29815FCD2B04E5610009F09F /* Build configuration list for PBXNativeTarget "SwiftErrorAgainTests" */;
			buildPhases = (
				29815FB22B04E5610009F09F /* Sources */,
				29815FB32B04E5610009F09F /* Frameworks */,
				29815FB42B04E5610009F09F /* Resources */,
			);
			buildRules = (
			);
			dependencies = (
				29815FB82B04E5610009F09F /* PBXTargetDependency */,
			);
			name = SwiftErrorAgainTests;
			productName = SwiftErrorAgainTests;
			productReference = 29815FB62B04E5610009F09F /* SwiftErrorAgainTests.xctest */;
			productType = "com.apple.product-type.bundle.unit-test";
		};
		29815FBF2B04E5610009F09F /* SwiftErrorAgainUITests */ = {
			isa = PBXNativeTarget;
			buildConfigurationList = 29815FD02B04E5610009F09F /* Build configuration list for PBXNativeTarget "SwiftErrorAgainUITests" */;
			buildPhases = (
				29815FBC2B04E5610009F09F /* Sources */,
				29815FBD2B04E5610009F09F /* Frameworks */,
				29815FBE2B04E5610009F09F /* Resources */,
			);
			buildRules = (
			);
			dependencies = (
				29815FC22B04E5610009F09F /* PBXTargetDependency */,
			);
			name = SwiftErrorAgainUITests;
			productName = SwiftErrorAgainUITests;
			productReference = 29815FC02B04E5610009F09F /* SwiftErrorAgainUITests.xctest */;
			productType = "com.apple.product-type.bundle.ui-testing";
		};
/* End PBXNativeTarget section */

/* Begin PBXProject section */
		29815F9E2B04E5600009F09F /* Project object */ = {
			isa = PBXProject;
			attributes = {
				BuildIndependentTargetsInParallel = 1;
				LastSwiftUpdateCheck = 1500;
				LastUpgradeCheck = 1500;
				TargetAttributes = {
					29815FA52B04E5600009F09F = {
						CreatedOnToolsVersion = 15.0;
					};
					29815FB52B04E5610009F09F = {
						CreatedOnToolsVersion = 15.0;
						TestTargetID = 29815FA52B04E5600009F09F;
					};
					29815FBF2B04E5610009F09F = {
						CreatedOnToolsVersion = 15.0;
						TestTargetID = 29815FA52B04E5600009F09F;
					};
				};
			};
			buildConfigurationList = 29815FA12B04E5600009F09F /* Build configuration list for PBXProject "SwiftErrorAgain" */;
			compatibilityVersion = "Xcode 14.0";
			developmentRegion = en;
			hasScannedForEncodings = 0;
			knownRegions = (
				en,
				Base,
			);
			mainGroup = 29815F9D2B04E5600009F09F;
			productRefGroup = 29815FA72B04E5600009F09F /* Products */;
			projectDirPath = "";
			projectRoot = "";
			targets = (
				29815FA52B04E5600009F09F /* SwiftErrorAgain */,
				29815FB52B04E5610009F09F /* SwiftErrorAgainTests */,
				29815FBF2B04E5610009F09F /* SwiftErrorAgainUITests */,
			);
		};
/* End PBXProject section */

/* Begin PBXResourcesBuildPhase section */
		29815FA42B04E5600009F09F /* Resources */ = {
			isa = PBXResourcesBuildPhase;
			buildActionMask = 2147483647;
			files = (
				29815FB12B04E5610009F09F /* Preview Assets.xcassets in Resources */,
				29815FAE2B04E5610009F09F /* Assets.xcassets in Resources */,
			);
			runOnlyForDeploymentPostprocessing = 0;
		};
		29815FB42B04E5610009F09F /* Resources */ = {
			isa = PBXResourcesBuildPhase;
			buildActionMask = 2147483647;
			files = (
			);
			runOnlyForDeploymentPostprocessing = 0;
		};
		29815FBE2B04E5610009F09F /* Resources */ = {
			isa = PBXResourcesBuildPhase;
			buildActionMask = 2147483647;
			files = (
			);
			runOnlyForDeploymentPostprocessing = 0;
		};
/* End PBXResourcesBuildPhase section */

/* Begin PBXSourcesBuildPhase section */
		29815FA22B04E5600009F09F /* Sources */ = {
			isa = PBXSourcesBuildPhase;
			buildActionMask = 2147483647;
			files = (
				29815FAC2B04E5600009F09F /* ContentView.swift in Sources */,
				29815FD62B04E66E0009F09F /* file2.swift in Sources */,
				29815FAA2B04E5600009F09F /* SwiftErrorAgainApp.swift in Sources */,
			);
			runOnlyForDeploymentPostprocessing = 0;
		};
		29815FB22B04E5610009F09F /* Sources */ = {
			isa = PBXSourcesBuildPhase;
			buildActionMask = 2147483647;
			files = (
				29815FBB2B04E5610009F09F /* SwiftErrorAgainTests.swift in Sources */,
			);
			runOnlyForDeploymentPostprocessing = 0;
		};
		29815FBC2B04E5610009F09F /* Sources */ = {
			isa = PBXSourcesBuildPhase;
			buildActionMask = 2147483647;
			files = (
				29815FC72B04E5610009F09F /* SwiftErrorAgainUITestsLaunchTests.swift in Sources */,
				29815FC52B04E5610009F09F /* SwiftErrorAgainUITests.swift in Sources */,
			);
			runOnlyForDeploymentPostprocessing = 0;
		};
/* End PBXSourcesBuildPhase section */

/* Begin PBXTargetDependency section */
		29815FB82B04E5610009F09F /* PBXTargetDependency */ = {
			isa = PBXTargetDependency;
			target = 29815FA52B04E5600009F09F /* SwiftErrorAgain */;
			targetProxy = 29815FB72B04E5610009F09F /* PBXContainerItemProxy */;
		};
		29815FC22B04E5610009F09F /* PBXTargetDependency */ = {
			isa = PBXTargetDependency;
			target = 29815FA52B04E5600009F09F /* SwiftErrorAgain */;
			targetProxy = 29815FC12B04E5610009F09F /* PBXContainerItemProxy */;
		};
/* End PBXTargetDependency section */

/* Begin XCBuildConfiguration section */
		29815FC82B04E5610009F09F /* Debug */ = {
			isa = XCBuildConfiguration;
			buildSettings = {
				ALWAYS_SEARCH_USER_PATHS = NO;
				ASSETCATALOG_COMPILER_GENERATE_SWIFT_ASSET_SYMBOL_EXTENSIONS = YES;
				CLANG_ANALYZER_NONNULL = YES;
				CLANG_ANALYZER_NUMBER_OBJECT_CONVERSION = YES_AGGRESSIVE;
				CLANG_CXX_LANGUAGE_STANDARD = "gnu++20";
				CLANG_ENABLE_MODULES = YES;
				CLANG_ENABLE_OBJC_ARC = YES;
				CLANG_ENABLE_OBJC_WEAK = YES;
				CLANG_WARN_BLOCK_CAPTURE_AUTORELEASING = YES;
				CLANG_WARN_BOOL_CONVERSION = YES;
				CLANG_WARN_COMMA = YES;
				CLANG_WARN_CONSTANT_CONVERSION = YES;
				CLANG_WARN_DEPRECATED_OBJC_IMPLEMENTATIONS = YES;
				CLANG_WARN_DIRECT_OBJC_ISA_USAGE = YES_ERROR;
				CLANG_WARN_DOCUMENTATION_COMMENTS = YES;
				CLANG_WARN_EMPTY_BODY = YES;
				CLANG_WARN_ENUM_CONVERSION = YES;
				CLANG_WARN_INFINITE_RECURSION = YES;
				CLANG_WARN_INT_CONVERSION = YES;
				CLANG_WARN_NON_LITERAL_NULL_CONVERSION = YES;
				CLANG_WARN_OBJC_IMPLICIT_RETAIN_SELF = YES;
				CLANG_WARN_OBJC_LITERAL_CONVERSION = YES;
				CLANG_WARN_OBJC_ROOT_CLASS = YES_ERROR;
				CLANG_WARN_QUOTED_INCLUDE_IN_FRAMEWORK_HEADER = YES;
				CLANG_WARN_RANGE_LOOP_ANALYSIS = YES;
				CLANG_WARN_STRICT_PROTOTYPES = YES;
				CLANG_WARN_SUSPICIOUS_MOVE = YES;
				CLANG_WARN_UNGUARDED_AVAILABILITY = YES_AGGRESSIVE;
				CLANG_WARN_UNREACHABLE_CODE = YES;
				CLANG_WARN__DUPLICATE_METHOD_MATCH = YES;
				COPY_PHASE_STRIP = NO;
				DEBUG_INFORMATION_FORMAT = dwarf;
				ENABLE_STRICT_OBJC_MSGSEND = YES;
				ENABLE_TESTABILITY = YES;
				ENABLE_USER_SCRIPT_SANDBOXING = YES;
				GCC_C_LANGUAGE_STANDARD = gnu17;
				GCC_DYNAMIC_NO_PIC = NO;
				GCC_NO_COMMON_BLOCKS = YES;
				GCC_OPTIMIZATION_LEVEL = 0;
				GCC_PREPROCESSOR_DEFINITIONS = (
					"DEBUG=1",
					"$(inherited)",
				);
				GCC_WARN_64_TO_32_BIT_CONVERSION = YES;
				GCC_WARN_ABOUT_RETURN_TYPE = YES_ERROR;
				GCC_WARN_UNDECLARED_SELECTOR = YES;
				GCC_WARN_UNINITIALIZED_AUTOS = YES_AGGRESSIVE;
				GCC_WARN_UNUSED_FUNCTION = YES;
				GCC_WARN_UNUSED_VARIABLE = YES;
				IPHONEOS_DEPLOYMENT_TARGET = 17.0;
				LOCALIZATION_PREFERS_STRING_CATALOGS = YES;
				MTL_ENABLE_DEBUG_INFO = INCLUDE_SOURCE;
				MTL_FAST_MATH = YES;
				ONLY_ACTIVE_ARCH = YES;
				SDKROOT = iphoneos;
				SWIFT_ACTIVE_COMPILATION_CONDITIONS = "DEBUG $(inherited)";
				SWIFT_OPTIMIZATION_LEVEL = "-Onone";
			};
			name = Debug;
		};
		29815FC92B04E5610009F09F /* Release */ = {
			isa = XCBuildConfiguration;
			buildSettings = {
				ALWAYS_SEARCH_USER_PATHS = NO;
				ASSETCATALOG_COMPILER_GENERATE_SWIFT_ASSET_SYMBOL_EXTENSIONS = YES;
				CLANG_ANALYZER_NONNULL = YES;
				CLANG_ANALYZER_NUMBER_OBJECT_CONVERSION = YES_AGGRESSIVE;
				CLANG_CXX_LANGUAGE_STANDARD = "gnu++20";
				CLANG_ENABLE_MODULES = YES;
				CLANG_ENABLE_OBJC_ARC = YES;
				CLANG_ENABLE_OBJC_WEAK = YES;
				CLANG_WARN_BLOCK_CAPTURE_AUTORELEASING = YES;
				CLANG_WARN_BOOL_CONVERSION = YES;
				CLANG_WARN_COMMA = YES;
				CLANG_WARN_CONSTANT_CONVERSION = YES;
				CLANG_WARN_DEPRECATED_OBJC_IMPLEMENTATIONS = YES;
				CLANG_WARN_DIRECT_OBJC_ISA_USAGE = YES_ERROR;
				CLANG_WARN_DOCUMENTATION_COMMENTS = YES;
				CLANG_WARN_EMPTY_BODY = YES;
				CLANG_WARN_ENUM_CONVERSION = YES;
				CLANG_WARN_INFINITE_RECURSION = YES;
				CLANG_WARN_INT_CONVERSION = YES;
				CLANG_WARN_NON_LITERAL_NULL_CONVERSION = YES;
				CLANG_WARN_OBJC_IMPLICIT_RETAIN_SELF = YES;
				CLANG_WARN_OBJC_LITERAL_CONVERSION = YES;
				CLANG_WARN_OBJC_ROOT_CLASS = YES_ERROR;
				CLANG_WARN_QUOTED_INCLUDE_IN_FRAMEWORK_HEADER = YES;
				CLANG_WARN_RANGE_LOOP_ANALYSIS = YES;
				CLANG_WARN_STRICT_PROTOTYPES = YES;
				CLANG_WARN_SUSPICIOUS_MOVE = YES;
				CLANG_WARN_UNGUARDED_AVAILABILITY = YES_AGGRESSIVE;
				CLANG_WARN_UNREACHABLE_CODE = YES;
				CLANG_WARN__DUPLICATE_METHOD_MATCH = YES;
				COPY_PHASE_STRIP = NO;
				DEBUG_INFORMATION_FORMAT = "dwarf-with-dsym";
				ENABLE_NS_ASSERTIONS = NO;
				ENABLE_STRICT_OBJC_MSGSEND = YES;
				ENABLE_USER_SCRIPT_SANDBOXING = YES;
				GCC_C_LANGUAGE_STANDARD = gnu17;
				GCC_NO_COMMON_BLOCKS = YES;
				GCC_WARN_64_TO_32_BIT_CONVERSION = YES;
				GCC_WARN_ABOUT_RETURN_TYPE = YES_ERROR;
				GCC_WARN_UNDECLARED_SELECTOR = YES;
				GCC_WARN_UNINITIALIZED_AUTOS = YES_AGGRESSIVE;
				GCC_WARN_UNUSED_FUNCTION = YES;
				GCC_WARN_UNUSED_VARIABLE = YES;
				IPHONEOS_DEPLOYMENT_TARGET = 17.0;
				LOCALIZATION_PREFERS_STRING_CATALOGS = YES;
				MTL_ENABLE_DEBUG_INFO = NO;
				MTL_FAST_MATH = YES;
				SDKROOT = iphoneos;
				SWIFT_COMPILATION_MODE = wholemodule;
				VALIDATE_PRODUCT = YES;
			};
			name = Release;
		};
		29815FCB2B04E5610009F09F /* Debug */ = {
			isa = XCBuildConfiguration;
			buildSettings = {
				ASSETCATALOG_COMPILER_APPICON_NAME = AppIcon;
				ASSETCATALOG_COMPILER_GLOBAL_ACCENT_COLOR_NAME = AccentColor;
				CODE_SIGN_STYLE = Automatic;
				CURRENT_PROJECT_VERSION = 1;
				DEVELOPMENT_ASSET_PATHS = "\"SwiftErrorAgain/Preview Content\"";
				DEVELOPMENT_TEAM = KH7BD93PMV;
				ENABLE_PREVIEWS = YES;
				GENERATE_INFOPLIST_FILE = YES;
				INFOPLIST_KEY_UIApplicationSceneManifest_Generation = YES;
				INFOPLIST_KEY_UIApplicationSupportsIndirectInputEvents = YES;
				INFOPLIST_KEY_UILaunchScreen_Generation = YES;
				INFOPLIST_KEY_UISupportedInterfaceOrientations_iPad = "UIInterfaceOrientationPortrait UIInterfaceOrientationPortraitUpsideDown UIInterfaceOrientationLandscapeLeft UIInterfaceOrientationLandscapeRight";
				INFOPLIST_KEY_UISupportedInterfaceOrientations_iPhone = "UIInterfaceOrientationPortrait UIInterfaceOrientationLandscapeLeft UIInterfaceOrientationLandscapeRight";
				LD_RUNPATH_SEARCH_PATHS = (
					"$(inherited)",
					"@executable_path/Frameworks",
				);
				MARKETING_VERSION = 1.0;
				PRODUCT_BUNDLE_IDENTIFIER = Fontys.SwiftErrorAgain;
				PRODUCT_NAME = "$(TARGET_NAME)";
				SWIFT_EMIT_LOC_STRINGS = YES;
				SWIFT_VERSION = 5.0;
				TARGETED_DEVICE_FAMILY = "1,2";
			};
			name = Debug;
		};
		29815FCC2B04E5610009F09F /* Release */ = {
			isa = XCBuildConfiguration;
			buildSettings = {
				ASSETCATALOG_COMPILER_APPICON_NAME = AppIcon;
				ASSETCATALOG_COMPILER_GLOBAL_ACCENT_COLOR_NAME = AccentColor;
				CODE_SIGN_STYLE = Automatic;
				CURRENT_PROJECT_VERSION = 1;
				DEVELOPMENT_ASSET_PATHS = "\"SwiftErrorAgain/Preview Content\"";
				DEVELOPMENT_TEAM = KH7BD93PMV;
				ENABLE_PREVIEWS = YES;
				GENERATE_INFOPLIST_FILE = YES;
				INFOPLIST_KEY_UIApplicationSceneManifest_Generation = YES;
				INFOPLIST_KEY_UIApplicationSupportsIndirectInputEvents = YES;
				INFOPLIST_KEY_UILaunchScreen_Generation = YES;
				INFOPLIST_KEY_UISupportedInterfaceOrientations_iPad = "UIInterfaceOrientationPortrait UIInterfaceOrientationPortraitUpsideDown UIInterfaceOrientationLandscapeLeft UIInterfaceOrientationLandscapeRight";
				INFOPLIST_KEY_UISupportedInterfaceOrientations_iPhone = "UIInterfaceOrientationPortrait UIInterfaceOrientationLandscapeLeft UIInterfaceOrientationLandscapeRight";
				LD_RUNPATH_SEARCH_PATHS = (
					"$(inherited)",
					"@executable_path/Frameworks",
				);
				MARKETING_VERSION = 1.0;
				PRODUCT_BUNDLE_IDENTIFIER = Fontys.SwiftErrorAgain;
				PRODUCT_NAME = "$(TARGET_NAME)";
				SWIFT_EMIT_LOC_STRINGS = YES;
				SWIFT_VERSION = 5.0;
				TARGETED_DEVICE_FAMILY = "1,2";
			};
			name = Release;
		};
		29815FCE2B04E5610009F09F /* Debug */ = {
			isa = XCBuildConfiguration;
			buildSettings = {
				ALWAYS_EMBED_SWIFT_STANDARD_LIBRARIES = YES;
				BUNDLE_LOADER = "$(TEST_HOST)";
				CODE_SIGN_STYLE = Automatic;
				CURRENT_PROJECT_VERSION = 1;
				DEVELOPMENT_TEAM = KH7BD93PMV;
				GENERATE_INFOPLIST_FILE = YES;
				IPHONEOS_DEPLOYMENT_TARGET = 17.0;
				MARKETING_VERSION = 1.0;
				PRODUCT_BUNDLE_IDENTIFIER = Fontys.SwiftErrorAgainTests;
				PRODUCT_NAME = "$(TARGET_NAME)";
				SWIFT_EMIT_LOC_STRINGS = NO;
				SWIFT_VERSION = 5.0;
				TARGETED_DEVICE_FAMILY = "1,2";
				TEST_HOST = "$(BUILT_PRODUCTS_DIR)/SwiftErrorAgain.app/$(BUNDLE_EXECUTABLE_FOLDER_PATH)/SwiftErrorAgain";
			};
			name = Debug;
		};
		29815FCF2B04E5610009F09F /* Release */ = {
			isa = XCBuildConfiguration;
			buildSettings = {
				ALWAYS_EMBED_SWIFT_STANDARD_LIBRARIES = YES;
				BUNDLE_LOADER = "$(TEST_HOST)";
				CODE_SIGN_STYLE = Automatic;
				CURRENT_PROJECT_VERSION = 1;
				DEVELOPMENT_TEAM = KH7BD93PMV;
				GENERATE_INFOPLIST_FILE = YES;
				IPHONEOS_DEPLOYMENT_TARGET = 17.0;
				MARKETING_VERSION = 1.0;
				PRODUCT_BUNDLE_IDENTIFIER = Fontys.SwiftErrorAgainTests;
				PRODUCT_NAME = "$(TARGET_NAME)";
				SWIFT_EMIT_LOC_STRINGS = NO;
				SWIFT_VERSION = 5.0;
				TARGETED_DEVICE_FAMILY = "1,2";
				TEST_HOST = "$(BUILT_PRODUCTS_DIR)/SwiftErrorAgain.app/$(BUNDLE_EXECUTABLE_FOLDER_PATH)/SwiftErrorAgain";
			};
			name = Release;
		};
		29815FD12B04E5610009F09F /* Debug */ = {
			isa = XCBuildConfiguration;
			buildSettings = {
				ALWAYS_EMBED_SWIFT_STANDARD_LIBRARIES = YES;
				CODE_SIGN_STYLE = Automatic;
				CURRENT_PROJECT_VERSION = 1;
				DEVELOPMENT_TEAM = KH7BD93PMV;
				GENERATE_INFOPLIST_FILE = YES;
				MARKETING_VERSION = 1.0;
				PRODUCT_BUNDLE_IDENTIFIER = Fontys.SwiftErrorAgainUITests;
				PRODUCT_NAME = "$(TARGET_NAME)";
				SWIFT_EMIT_LOC_STRINGS = NO;
				SWIFT_VERSION = 5.0;
				TARGETED_DEVICE_FAMILY = "1,2";
				TEST_TARGET_NAME = SwiftErrorAgain;
			};
			name = Debug;
		};
		29815FD22B04E5610009F09F /* Release */ = {
			isa = XCBuildConfiguration;
			buildSettings = {
				ALWAYS_EMBED_SWIFT_STANDARD_LIBRARIES = YES;
				CODE_SIGN_STYLE = Automatic;
				CURRENT_PROJECT_VERSION = 1;
				DEVELOPMENT_TEAM = KH7BD93PMV;
				GENERATE_INFOPLIST_FILE = YES;
				MARKETING_VERSION = 1.0;
				PRODUCT_BUNDLE_IDENTIFIER = Fontys.SwiftErrorAgainUITests;
				PRODUCT_NAME = "$(TARGET_NAME)";
				SWIFT_EMIT_LOC_STRINGS = NO;
				SWIFT_VERSION = 5.0;
				TARGETED_DEVICE_FAMILY = "1,2";
				TEST_TARGET_NAME = SwiftErrorAgain;
			};
			name = Release;
		};
/* End XCBuildConfiguration section */

/* Begin XCConfigurationList section */
		29815FA12B04E5600009F09F /* Build configuration list for PBXProject "SwiftErrorAgain" */ = {
			isa = XCConfigurationList;
			buildConfigurations = (
				29815FC82B04E5610009F09F /* Debug */,
				29815FC92B04E5610009F09F /* Release */,
			);
			defaultConfigurationIsVisible = 0;
			defaultConfigurationName = Release;
		};
		29815FCA2B04E5610009F09F /* Build configuration list for PBXNativeTarget "SwiftErrorAgain" */ = {
			isa = XCConfigurationList;
			buildConfigurations = (
				29815FCB2B04E5610009F09F /* Debug */,
				29815FCC2B04E5610009F09F /* Release */,
			);
			defaultConfigurationIsVisible = 0;
			defaultConfigurationName = Release;
		};
		29815FCD2B04E5610009F09F /* Build configuration list for PBXNativeTarget "SwiftErrorAgainTests" */ = {
			isa = XCConfigurationList;
			buildConfigurations = (
				29815FCE2B04E5610009F09F /* Debug */,
				29815FCF2B04E5610009F09F /* Release */,
			);
			defaultConfigurationIsVisible = 0;
			defaultConfigurationName = Release;
		};
		29815FD02B04E5610009F09F /* Build configuration list for PBXNativeTarget "SwiftErrorAgainUITests" */ = {
			isa = XCConfigurationList;
			buildConfigurations = (
				29815FD12B04E5610009F09F /* Debug */,
				29815FD22B04E5610009F09F /* Release */,
			);
			defaultConfigurationIsVisible = 0;
			defaultConfigurationName = Release;
		};
/* End XCConfigurationList section */
	};
	rootObject = 29815F9E2B04E5600009F09F /* Project object */;
}
